
Microsoft Visual Studio Solution File, Format Version 12.00
# Visual Studio 15
VisualStudioVersion = 15.0.28307.757
MinimumVisualStudioVersion = 10.0.40219.1
Project("{FAE04EC0-301F-11D3-BF4B-00C04F79EFBC}") = "BasicConsoleIO", "BasicConsoleIO\BasicConsoleIO.csproj", "{6657F4A0-CE92-4DD8-BB67-84A559C9E2B8}"
EndProject
Global
	GlobalSection(SolutionConfigurationPlatforms) = preSolution
		Debug|Any CPU = Debug|Any CPU
		Release|Any CPU = Release|Any CPU
	EndGlobalSection
	GlobalSection(ProjectConfigurationPlatforms) = postSolution
		{6657F4A0-CE92-4DD8-BB67-84A559C9E2B8}.Debug|Any CPU.ActiveCfg = Debug|Any CPU
		{6657F4A0-CE92-4DD8-BB67-84A559C9E2B8}.Debug|Any CPU.Build.0 = Debug|Any CPU
		{6657F4A0-CE92-4DD8-BB67-84A559C9E2B8}.Release|Any CPU.ActiveCfg = Release|Any CPU
		{6657F4A0-CE92-4DD8-BB67-84A559C9E2B8}.Release|Any CPU.Build.0 = Release|Any CPU
	EndGlobalSection
	GlobalSection(SolutionProperties) = preSolution
		HideSolutionNode = FALSE
	EndGlobalSection
	GlobalSection(ExtensibilityGlobals) = postSolution
		SolutionGuid = {0DA6561D-6CC7-4EDA-8E14-4E2547F4E5B4}
	EndGlobalSection
EndGlobal
